
Microsoft Visual Studio Solution File, Format Version 12.00
# Visual Studio Version 17
VisualStudioVersion = 17.14.36414.22 d17.14
MinimumVisualStudioVersion = 10.0.40219.1
Project("{FAE04EC0-301F-11D3-BF4B-00C04F79EFBC}") = "ProyFinalAgropecuariaNET6", "ProyFinalAgropecuariaNET6\ProyFinalAgropecuariaNET6.csproj", "{5B3A9118-2567-4226-AA8D-755E4C6BF10B}"
EndProject
Global
	GlobalSection(SolutionConfigurationPlatforms) = preSolution
		Debug|Any CPU = Debug|Any CPU
		Release|Any CPU = Release|Any CPU
	EndGlobalSection
	GlobalSection(ProjectConfigurationPlatforms) = postSolution
		{5B3A9118-2567-4226-AA8D-755E4C6BF10B}.Debug|Any CPU.ActiveCfg = Debug|Any CPU
		{5B3A9118-2567-4226-AA8D-755E4C6BF10B}.Debug|Any CPU.Build.0 = Debug|Any CPU
		{5B3A9118-2567-4226-AA8D-755E4C6BF10B}.Release|Any CPU.ActiveCfg = Release|Any CPU
		{5B3A9118-2567-4226-AA8D-755E4C6BF10B}.Release|Any CPU.Build.0 = Release|Any CPU
	EndGlobalSection
	GlobalSection(SolutionProperties) = preSolution
		HideSolutionNode = FALSE
	EndGlobalSection
	GlobalSection(ExtensibilityGlobals) = postSolution
		SolutionGuid = {7FE42571-14CC-4DD2-A64D-19A71506A69A}
	EndGlobalSection
EndGlobal
